
Microsoft Visual Studio Solution File, Format Version 12.00
# Visual Studio Version 17
VisualStudioVersion = 17.9.34607.119
MinimumVisualStudioVersion = 10.0.40219.1
Project("{FAE04EC0-301F-11D3-BF4B-00C04F79EFBC}") = "Library", "Library\Library.csproj", "{A2FF7DA8-BD04-42AB-8C62-3319E50B1CB3}"
EndProject
Global
	GlobalSection(SolutionConfigurationPlatforms) = preSolution
		Debug|Any CPU = Debug|Any CPU
		Release|Any CPU = Release|Any CPU
	EndGlobalSection
	GlobalSection(ProjectConfigurationPlatforms) = postSolution
		{A2FF7DA8-BD04-42AB-8C62-3319E50B1CB3}.Debug|Any CPU.ActiveCfg = Debug|Any CPU
		{A2FF7DA8-BD04-42AB-8C62-3319E50B1CB3}.Debug|Any CPU.Build.0 = Debug|Any CPU
		{A2FF7DA8-BD04-42AB-8C62-3319E50B1CB3}.Release|Any CPU.ActiveCfg = Release|Any CPU
		{A2FF7DA8-BD04-42AB-8C62-3319E50B1CB3}.Release|Any CPU.Build.0 = Release|Any CPU
	EndGlobalSection
	GlobalSection(SolutionProperties) = preSolution
		HideSolutionNode = FALSE
	EndGlobalSection
	GlobalSection(ExtensibilityGlobals) = postSolution
		SolutionGuid = {BAF6A21D-98C1-4373-84FB-12AE3A9F1565}
	EndGlobalSection
EndGlobal
